
Microsoft Visual Studio Solution File, Format Version 12.00
# Visual Studio Version 16
VisualStudioVersion = 16.0.30204.135
MinimumVisualStudioVersion = 10.0.40219.1
Project("{9A19103F-16F7-4668-BE54-9A1E7A4F7556}") = "RBTree", "RBTree\RBTree.csproj", "{107903ED-036F-49FA-B832-1E3144755A77}"
EndProject
Project("{9A19103F-16F7-4668-BE54-9A1E7A4F7556}") = "TestRBT", "TestRBT\TestRBT.csproj", "{594D200B-0379-44AB-8BAC-AA6624586C68}"
EndProject
Project("{FAE04EC0-301F-11D3-BF4B-00C04F79EFBC}") = "RBTreeCUI", "RBTreeCUI\RBTreeCUI.csproj", "{C738B113-6FFC-4185-8190-E1A1273690EE}"
EndProject
Global
	GlobalSection(SolutionConfigurationPlatforms) = preSolution
		Debug|Any CPU = Debug|Any CPU
		Release|Any CPU = Release|Any CPU
	EndGlobalSection
	GlobalSection(ProjectConfigurationPlatforms) = postSolution
		{107903ED-036F-49FA-B832-1E3144755A77}.Debug|Any CPU.ActiveCfg = Debug|Any CPU
		{107903ED-036F-49FA-B832-1E3144755A77}.Debug|Any CPU.Build.0 = Debug|Any CPU
		{107903ED-036F-49FA-B832-1E3144755A77}.Release|Any CPU.ActiveCfg = Release|Any CPU
		{107903ED-036F-49FA-B832-1E3144755A77}.Release|Any CPU.Build.0 = Release|Any CPU
		{594D200B-0379-44AB-8BAC-AA6624586C68}.Debug|Any CPU.ActiveCfg = Debug|Any CPU
		{594D200B-0379-44AB-8BAC-AA6624586C68}.Debug|Any CPU.Build.0 = Debug|Any CPU
		{594D200B-0379-44AB-8BAC-AA6624586C68}.Release|Any CPU.ActiveCfg = Release|Any CPU
		{594D200B-0379-44AB-8BAC-AA6624586C68}.Release|Any CPU.Build.0 = Release|Any CPU
		{C738B113-6FFC-4185-8190-E1A1273690EE}.Debug|Any CPU.ActiveCfg = Debug|Any CPU
		{C738B113-6FFC-4185-8190-E1A1273690EE}.Debug|Any CPU.Build.0 = Debug|Any CPU
		{C738B113-6FFC-4185-8190-E1A1273690EE}.Release|Any CPU.ActiveCfg = Release|Any CPU
		{C738B113-6FFC-4185-8190-E1A1273690EE}.Release|Any CPU.Build.0 = Release|Any CPU
	EndGlobalSection
	GlobalSection(SolutionProperties) = preSolution
		HideSolutionNode = FALSE
	EndGlobalSection
	GlobalSection(ExtensibilityGlobals) = postSolution
		SolutionGuid = {AFB70329-FE4F-4775-9863-1F829DE2BF64}
	EndGlobalSection
EndGlobal
